
Microsoft Visual Studio Solution File, Format Version 12.00
# Visual Studio Version 17
VisualStudioVersion = 17.7.34031.279
MinimumVisualStudioVersion = 10.0.40219.1
Project("{9A19103F-16F7-4668-BE54-9A1E7A4F7556}") = "homework3", "homework3\homework3.csproj", "{10EE3C20-A18F-4AE5-9998-9002F0748CA5}"
EndProject
Project("{9A19103F-16F7-4668-BE54-9A1E7A4F7556}") = "homework3.Desktop", "homework3.Desktop\homework3.Desktop.csproj", "{138FE521-AE77-41E3-B94F-E33609807815}"
EndProject
Global
	GlobalSection(SolutionConfigurationPlatforms) = preSolution
		Debug|Any CPU = Debug|Any CPU
		Release|Any CPU = Release|Any CPU
	EndGlobalSection
	GlobalSection(ProjectConfigurationPlatforms) = postSolution
		{10EE3C20-A18F-4AE5-9998-9002F0748CA5}.Debug|Any CPU.ActiveCfg = Debug|Any CPU
		{10EE3C20-A18F-4AE5-9998-9002F0748CA5}.Debug|Any CPU.Build.0 = Debug|Any CPU
		{10EE3C20-A18F-4AE5-9998-9002F0748CA5}.Release|Any CPU.ActiveCfg = Release|Any CPU
		{10EE3C20-A18F-4AE5-9998-9002F0748CA5}.Release|Any CPU.Build.0 = Release|Any CPU
		{138FE521-AE77-41E3-B94F-E33609807815}.Debug|Any CPU.ActiveCfg = Debug|Any CPU
		{138FE521-AE77-41E3-B94F-E33609807815}.Debug|Any CPU.Build.0 = Debug|Any CPU
		{138FE521-AE77-41E3-B94F-E33609807815}.Release|Any CPU.ActiveCfg = Release|Any CPU
		{138FE521-AE77-41E3-B94F-E33609807815}.Release|Any CPU.Build.0 = Release|Any CPU
	EndGlobalSection
	GlobalSection(SolutionProperties) = preSolution
		HideSolutionNode = FALSE
	EndGlobalSection
	GlobalSection(ExtensibilityGlobals) = postSolution
		SolutionGuid = {E6C94749-F066-4833-8FC0-EC4BED6F386F}
	EndGlobalSection
EndGlobal
