
Microsoft Visual Studio Solution File, Format Version 12.00
# Visual Studio Version 17
VisualStudioVersion = 17.7.34202.233
MinimumVisualStudioVersion = 10.0.40219.1
Project("{9A19103F-16F7-4668-BE54-9A1E7A4F7556}") = "homework4", "homework4\homework4.csproj", "{BCC18746-FF9C-4501-AAA6-2FDBB80A7DB4}"
EndProject
Project("{9A19103F-16F7-4668-BE54-9A1E7A4F7556}") = "homework4.Desktop", "homework4.Desktop\homework4.Desktop.csproj", "{F8B5BFF3-394A-4842-BB1C-0E3D97367952}"
EndProject
Global
	GlobalSection(SolutionConfigurationPlatforms) = preSolution
		Debug|Any CPU = Debug|Any CPU
		Release|Any CPU = Release|Any CPU
	EndGlobalSection
	GlobalSection(ProjectConfigurationPlatforms) = postSolution
		{BCC18746-FF9C-4501-AAA6-2FDBB80A7DB4}.Debug|Any CPU.ActiveCfg = Debug|Any CPU
		{BCC18746-FF9C-4501-AAA6-2FDBB80A7DB4}.Debug|Any CPU.Build.0 = Debug|Any CPU
		{BCC18746-FF9C-4501-AAA6-2FDBB80A7DB4}.Release|Any CPU.ActiveCfg = Release|Any CPU
		{BCC18746-FF9C-4501-AAA6-2FDBB80A7DB4}.Release|Any CPU.Build.0 = Release|Any CPU
		{F8B5BFF3-394A-4842-BB1C-0E3D97367952}.Debug|Any CPU.ActiveCfg = Debug|Any CPU
		{F8B5BFF3-394A-4842-BB1C-0E3D97367952}.Debug|Any CPU.Build.0 = Debug|Any CPU
		{F8B5BFF3-394A-4842-BB1C-0E3D97367952}.Release|Any CPU.ActiveCfg = Release|Any CPU
		{F8B5BFF3-394A-4842-BB1C-0E3D97367952}.Release|Any CPU.Build.0 = Release|Any CPU
	EndGlobalSection
	GlobalSection(SolutionProperties) = preSolution
		HideSolutionNode = FALSE
	EndGlobalSection
	GlobalSection(ExtensibilityGlobals) = postSolution
		SolutionGuid = {53A346D1-FA98-4197-80B7-E614DEE3971F}
	EndGlobalSection
EndGlobal
